
Microsoft Visual Studio Solution File, Format Version 12.00
# Visual Studio Version 17
VisualStudioVersion = 17.9.34723.18
MinimumVisualStudioVersion = 10.0.40219.1
Project("{FAE04EC0-301F-11D3-BF4B-00C04F79EFBC}") = "C-Chat-API", "C-Chat-API\C-Chat-API.csproj", "{77590DB9-CC17-4CC2-A1D0-14F9C18214DE}"
EndProject
Global
	GlobalSection(SolutionConfigurationPlatforms) = preSolution
		Debug|Any CPU = Debug|Any CPU
		Release|Any CPU = Release|Any CPU
	EndGlobalSection
	GlobalSection(ProjectConfigurationPlatforms) = postSolution
		{77590DB9-CC17-4CC2-A1D0-14F9C18214DE}.Debug|Any CPU.ActiveCfg = Debug|Any CPU
		{77590DB9-CC17-4CC2-A1D0-14F9C18214DE}.Debug|Any CPU.Build.0 = Debug|Any CPU
		{77590DB9-CC17-4CC2-A1D0-14F9C18214DE}.Release|Any CPU.ActiveCfg = Release|Any CPU
		{77590DB9-CC17-4CC2-A1D0-14F9C18214DE}.Release|Any CPU.Build.0 = Release|Any CPU
	EndGlobalSection
	GlobalSection(SolutionProperties) = preSolution
		HideSolutionNode = FALSE
	EndGlobalSection
	GlobalSection(ExtensibilityGlobals) = postSolution
		SolutionGuid = {628E9B98-E933-446E-B12F-93DD7C5D228C}
	EndGlobalSection
EndGlobal
